
Microsoft Visual Studio Solution File, Format Version 12.00
# Visual Studio Version 16
VisualStudioVersion = 16.0.30406.217
MinimumVisualStudioVersion = 10.0.40219.1
Project("{9A19103F-16F7-4668-BE54-9A1E7A4F7556}") = "Roulette", "Roulette\Roulette.csproj", "{655BF4AC-63DB-4657-95F4-DBD5DCBCA196}"
EndProject
Global
	GlobalSection(SolutionConfigurationPlatforms) = preSolution
		Debug|Any CPU = Debug|Any CPU
		Release|Any CPU = Release|Any CPU
	EndGlobalSection
	GlobalSection(ProjectConfigurationPlatforms) = postSolution
		{655BF4AC-63DB-4657-95F4-DBD5DCBCA196}.Debug|Any CPU.ActiveCfg = Debug|Any CPU
		{655BF4AC-63DB-4657-95F4-DBD5DCBCA196}.Debug|Any CPU.Build.0 = Debug|Any CPU
		{655BF4AC-63DB-4657-95F4-DBD5DCBCA196}.Release|Any CPU.ActiveCfg = Release|Any CPU
		{655BF4AC-63DB-4657-95F4-DBD5DCBCA196}.Release|Any CPU.Build.0 = Release|Any CPU
	EndGlobalSection
	GlobalSection(SolutionProperties) = preSolution
		HideSolutionNode = FALSE
	EndGlobalSection
	GlobalSection(ExtensibilityGlobals) = postSolution
		SolutionGuid = {F6ED72DD-F491-4B3E-B255-EA016A8FD596}
	EndGlobalSection
EndGlobal
